
Microsoft Visual Studio Solution File, Format Version 12.00
# Visual Studio Version 17
VisualStudioVersion = 17.7.34221.43
MinimumVisualStudioVersion = 10.0.40219.1
Project("{FAE04EC0-301F-11D3-BF4B-00C04F79EFBC}") = "TelefonRehberiMVC", "TelefonRehberiMVC\TelefonRehberiMVC.csproj", "{3649626C-BA1D-4B56-AC49-D6CE98CEE6EF}"
EndProject
Global
	GlobalSection(SolutionConfigurationPlatforms) = preSolution
		Debug|Any CPU = Debug|Any CPU
		Release|Any CPU = Release|Any CPU
	EndGlobalSection
	GlobalSection(ProjectConfigurationPlatforms) = postSolution
		{3649626C-BA1D-4B56-AC49-D6CE98CEE6EF}.Debug|Any CPU.ActiveCfg = Debug|Any CPU
		{3649626C-BA1D-4B56-AC49-D6CE98CEE6EF}.Debug|Any CPU.Build.0 = Debug|Any CPU
		{3649626C-BA1D-4B56-AC49-D6CE98CEE6EF}.Release|Any CPU.ActiveCfg = Release|Any CPU
		{3649626C-BA1D-4B56-AC49-D6CE98CEE6EF}.Release|Any CPU.Build.0 = Release|Any CPU
	EndGlobalSection
	GlobalSection(SolutionProperties) = preSolution
		HideSolutionNode = FALSE
	EndGlobalSection
	GlobalSection(ExtensibilityGlobals) = postSolution
		SolutionGuid = {B709F13D-23ED-4D53-830B-0DAAC56B74C6}
	EndGlobalSection
EndGlobal
